{
  "version": 4,
  "terraform_version": "1.4.6",
  "serial": 65,
  "lineage": "64ce81e4-873d-7b40-3dc8-fce614517be9",
  "outputs": {},
  "resources": [
    {
      "mode": "managed",
      "type": "aws_ami_from_instance",
      "name": "template_ami",
      "provider": "provider[\"registry.terraform.io/hashicorp/aws\"]",
      "instances": [
        {
          "schema_version": 0,
          "attributes": {
            "architecture": "x86_64",
            "arn": "arn:aws:ec2:eu-west-1::image/ami-0cb43928fa90850fe",
            "boot_mode": "",
            "deprecation_time": "",
            "description": "",
            "ebs_block_device": [
              {
                "delete_on_termination": true,
                "device_name": "/dev/sda1",
                "encrypted": false,
                "iops": 0,
                "outpost_arn": "",
                "snapshot_id": "snap-096e8deaae86864a6",
                "throughput": 0,
                "volume_size": 8,
                "volume_type": "gp2"
              }
            ],
            "ena_support": true,
            "ephemeral_block_device": [
              {
                "device_name": "/dev/sdb",
                "virtual_name": "ephemeral0"
              },
              {
                "device_name": "/dev/sdc",
                "virtual_name": "ephemeral1"
              }
            ],
            "hypervisor": "xen",
            "id": "ami-0cb43928fa90850fe",
            "image_location": "113304117666/template_ami",
            "image_owner_alias": "",
            "image_type": "machine",
            "imds_support": "",
            "kernel_id": "",
            "manage_ebs_snapshots": true,
            "name": "template_ami",
            "owner_id": "113304117666",
            "platform": "",
            "platform_details": "Linux/UNIX",
            "public": false,
            "ramdisk_id": "",
            "root_device_name": "/dev/sda1",
            "root_snapshot_id": "snap-096e8deaae86864a6",
            "snapshot_without_reboot": null,
            "source_instance_id": "i-09eade62ebc703732",
            "sriov_net_support": "simple",
            "tags": {
              "Name": "template_ami",
              "Owner": "jduchnowski",
              "Project": "2023_internship_gda"
            },
            "tags_all": {
              "Name": "template_ami",
              "Owner": "jduchnowski",
              "Project": "2023_internship_gda",
              "hashicorp-learn": "aws-asg"
            },
            "timeouts": null,
            "tpm_support": "",
            "usage_operation": "RunInstances",
            "virtualization_type": "hvm"
          },
          "sensitive_attributes": [],
          "private": "eyJlMmJmYjczMC1lY2FhLTExZTYtOGY4OC0zNDM2M2JjN2M0YzAiOnsiY3JlYXRlIjoyNDAwMDAwMDAwMDAwLCJkZWxldGUiOjU0MDAwMDAwMDAwMDAsInVwZGF0ZSI6MjQwMDAwMDAwMDAwMH19",
          "dependencies": [
            "aws_instance.template_ec2",
            "aws_security_group.sg",
            "aws_subnet.public_eu_west_1a",
            "aws_vpc.app_vpc"
          ],
          "create_before_destroy": true
        }
      ]
    },
    {
      "mode": "managed",
      "type": "aws_autoscaling_attachment",
      "name": "terramino",
      "provider": "provider[\"registry.terraform.io/hashicorp/aws\"]",
      "instances": [
        {
          "schema_version": 0,
          "attributes": {
            "autoscaling_group_name": "terramino",
            "elb": null,
            "id": "terramino-20230805185326136400000005",
            "lb_target_group_arn": "arn:aws:elasticloadbalancing:eu-west-1:113304117666:targetgroup/learn-asg-terramino/abe14287b094f5e8"
          },
          "sensitive_attributes": [],
          "private": "bnVsbA==",
          "dependencies": [
            "aws_ami_from_instance.template_ami",
            "aws_autoscaling_group.terramino",
            "aws_instance.template_ec2",
            "aws_launch_configuration.terramino",
            "aws_lb_target_group.terramino",
            "aws_security_group.sg",
            "aws_subnet.public_eu_west_1a",
            "aws_subnet.public_eu_west_1b",
            "aws_vpc.app_vpc"
          ]
        }
      ]
    },
    {
      "mode": "managed",
      "type": "aws_autoscaling_group",
      "name": "terramino",
      "provider": "provider[\"registry.terraform.io/hashicorp/aws\"]",
      "instances": [
        {
          "schema_version": 0,
          "attributes": {
            "arn": "arn:aws:autoscaling:eu-west-1:113304117666:autoScalingGroup:8e7c61f4-c333-4563-bf6d-f667e6920845:autoScalingGroupName/terramino",
            "availability_zones": [
              "eu-west-1a",
              "eu-west-1b"
            ],
            "capacity_rebalance": false,
            "context": "",
            "default_cooldown": 300,
            "default_instance_warmup": 0,
            "desired_capacity": 3,
            "desired_capacity_type": "",
            "enabled_metrics": null,
            "force_delete": false,
            "force_delete_warm_pool": false,
            "health_check_grace_period": 300,
            "health_check_type": "EC2",
            "id": "terramino",
            "initial_lifecycle_hook": [],
            "instance_refresh": [],
            "launch_configuration": "learn-terraform-aws-asg-20230805185213490200000004",
            "launch_template": [],
            "load_balancers": [],
            "max_instance_lifetime": 0,
            "max_size": 3,
            "metrics_granularity": "1Minute",
            "min_elb_capacity": null,
            "min_size": 1,
            "mixed_instances_policy": [],
            "name": "terramino",
            "name_prefix": "",
            "placement_group": "",
            "predicted_capacity": 0,
            "protect_from_scale_in": false,
            "service_linked_role_arn": "arn:aws:iam::113304117666:role/aws-service-role/autoscaling.amazonaws.com/AWSServiceRoleForAutoScaling",
            "suspended_processes": null,
            "tag": [
              {
                "key": "Name",
                "propagate_at_launch": true,
                "value": "HashiCorp Learn ASG - Terramino"
              }
            ],
            "target_group_arns": [],
            "termination_policies": null,
            "timeouts": null,
            "traffic_source": [],
            "vpc_zone_identifier": [
              "subnet-02787d2e5b507251d",
              "subnet-041858c5eb6b828e0"
            ],
            "wait_for_capacity_timeout": "10m",
            "wait_for_elb_capacity": null,
            "warm_pool": [],
            "warm_pool_size": 0
          },
          "sensitive_attributes": [],
          "private": "eyJlMmJmYjczMC1lY2FhLTExZTYtOGY4OC0zNDM2M2JjN2M0YzAiOnsiZGVsZXRlIjo2MDAwMDAwMDAwMDAsInVwZGF0ZSI6NjAwMDAwMDAwMDAwfX0=",
          "dependencies": [
            "aws_ami_from_instance.template_ami",
            "aws_instance.template_ec2",
            "aws_launch_configuration.terramino",
            "aws_security_group.sg",
            "aws_subnet.public_eu_west_1a",
            "aws_subnet.public_eu_west_1b",
            "aws_vpc.app_vpc"
          ]
        }
      ]
    },
    {
      "mode": "managed",
      "type": "aws_instance",
      "name": "template_ec2",
      "provider": "provider[\"registry.terraform.io/hashicorp/aws\"]",
      "instances": [
        {
          "schema_version": 1,
          "attributes": {
            "ami": "ami-0f29c8402f8cce65c",
            "arn": "arn:aws:ec2:eu-west-1:113304117666:instance/i-09eade62ebc703732",
            "associate_public_ip_address": true,
            "availability_zone": "eu-west-1a",
            "capacity_reservation_specification": [
              {
                "capacity_reservation_preference": "open",
                "capacity_reservation_target": []
              }
            ],
            "cpu_core_count": 1,
            "cpu_options": [
              {
                "amd_sev_snp": "",
                "core_count": 1,
                "threads_per_core": 1
              }
            ],
            "cpu_threads_per_core": 1,
            "credit_specification": [
              {
                "cpu_credits": "standard"
              }
            ],
            "disable_api_stop": false,
            "disable_api_termination": false,
            "ebs_block_device": [],
            "ebs_optimized": false,
            "enclave_options": [
              {
                "enabled": false
              }
            ],
            "ephemeral_block_device": [],
            "get_password_data": false,
            "hibernation": false,
            "host_id": "",
            "host_resource_group_arn": null,
            "iam_instance_profile": "",
            "id": "i-09eade62ebc703732",
            "instance_initiated_shutdown_behavior": "stop",
            "instance_lifecycle": "",
            "instance_market_options": [],
            "instance_state": "running",
            "instance_type": "t2.micro",
            "ipv6_address_count": 0,
            "ipv6_addresses": [],
            "key_name": "linuxbasics",
            "launch_template": [],
            "maintenance_options": [
              {
                "auto_recovery": "default"
              }
            ],
            "metadata_options": [
              {
                "http_endpoint": "enabled",
                "http_put_response_hop_limit": 1,
                "http_tokens": "optional",
                "instance_metadata_tags": "disabled"
              }
            ],
            "monitoring": false,
            "network_interface": [],
            "outpost_arn": "",
            "password_data": "",
            "placement_group": "",
            "placement_partition_number": 0,
            "primary_network_interface_id": "eni-0d8843d6ec7fc803f",
            "private_dns": "ip-10-0-6-51.eu-west-1.compute.internal",
            "private_dns_name_options": [
              {
                "enable_resource_name_dns_a_record": false,
                "enable_resource_name_dns_aaaa_record": false,
                "hostname_type": "ip-name"
              }
            ],
            "private_ip": "10.0.6.51",
            "public_dns": "",
            "public_ip": "54.74.192.116",
            "root_block_device": [
              {
                "delete_on_termination": true,
                "device_name": "/dev/sda1",
                "encrypted": false,
                "iops": 100,
                "kms_key_id": "",
                "tags": {},
                "throughput": 0,
                "volume_id": "vol-093d29b7544e067f5",
                "volume_size": 8,
                "volume_type": "gp2"
              }
            ],
            "secondary_private_ips": [],
            "security_groups": [
              "sg-0dfc71d727d6482b3"
            ],
            "source_dest_check": true,
            "spot_instance_request_id": "",
            "subnet_id": "subnet-02787d2e5b507251d",
            "tags": {
              "Name": "ec2",
              "Owner": "jduchnowski",
              "Project": "2023_internship_gda"
            },
            "tags_all": {
              "Name": "ec2",
              "Owner": "jduchnowski",
              "Project": "2023_internship_gda",
              "hashicorp-learn": "aws-asg"
            },
            "tenancy": "default",
            "timeouts": null,
            "user_data": "55313a70556d6cb6b9c6531492fb2be16e8b82cd",
            "user_data_base64": null,
            "user_data_replace_on_change": false,
            "volume_tags": null,
            "vpc_security_group_ids": [
              "sg-0dfc71d727d6482b3"
            ]
          },
          "sensitive_attributes": [],
          "private": "eyJlMmJmYjczMC1lY2FhLTExZTYtOGY4OC0zNDM2M2JjN2M0YzAiOnsiY3JlYXRlIjo2MDAwMDAwMDAwMDAsImRlbGV0ZSI6MTIwMDAwMDAwMDAwMCwidXBkYXRlIjo2MDAwMDAwMDAwMDB9LCJzY2hlbWFfdmVyc2lvbiI6IjEifQ==",
          "dependencies": [
            "aws_security_group.sg",
            "aws_subnet.public_eu_west_1a",
            "aws_vpc.app_vpc"
          ],
          "create_before_destroy": true
        }
      ]
    },
    {
      "mode": "managed",
      "type": "aws_internet_gateway",
      "name": "igw",
      "provider": "provider[\"registry.terraform.io/hashicorp/aws\"]",
      "instances": [
        {
          "schema_version": 0,
          "attributes": {
            "arn": "arn:aws:ec2:eu-west-1:113304117666:internet-gateway/igw-076a6fcc9b5efe358",
            "id": "igw-076a6fcc9b5efe358",
            "owner_id": "113304117666",
            "tags": {
              "Name": "internet_gateway",
              "Owner": "jduchnowski",
              "Project": "2023_internship_gda"
            },
            "tags_all": {
              "Name": "internet_gateway",
              "Owner": "jduchnowski",
              "Project": "2023_internship_gda",
              "hashicorp-learn": "aws-asg"
            },
            "timeouts": null,
            "vpc_id": "vpc-0582d740e30c7e3da"
          },
          "sensitive_attributes": [],
          "private": "eyJlMmJmYjczMC1lY2FhLTExZTYtOGY4OC0zNDM2M2JjN2M0YzAiOnsiY3JlYXRlIjoxMjAwMDAwMDAwMDAwLCJkZWxldGUiOjEyMDAwMDAwMDAwMDAsInVwZGF0ZSI6MTIwMDAwMDAwMDAwMH19",
          "dependencies": [
            "aws_vpc.app_vpc"
          ]
        }
      ]
    },
    {
      "mode": "managed",
      "type": "aws_launch_configuration",
      "name": "terramino",
      "provider": "provider[\"registry.terraform.io/hashicorp/aws\"]",
      "instances": [
        {
          "schema_version": 0,
          "attributes": {
            "arn": "arn:aws:autoscaling:eu-west-1:113304117666:launchConfiguration:7a900af3-c0b1-4678-9de4-f823d2f8872c:launchConfigurationName/learn-terraform-aws-asg-20230805185213490200000004",
            "associate_public_ip_address": false,
            "ebs_block_device": [],
            "ebs_optimized": false,
            "enable_monitoring": true,
            "ephemeral_block_device": [],
            "iam_instance_profile": "",
            "id": "learn-terraform-aws-asg-20230805185213490200000004",
            "image_id": "ami-0cb43928fa90850fe",
            "instance_type": "t2.micro",
            "key_name": "",
            "metadata_options": [],
            "name": "learn-terraform-aws-asg-20230805185213490200000004",
            "name_prefix": "learn-terraform-aws-asg-",
            "placement_tenancy": "",
            "root_block_device": [],
            "security_groups": [
              "sg-0dfc71d727d6482b3"
            ],
            "spot_price": "",
            "user_data": "3125e144e2972ba77e365769af441f2c07892b9f",
            "user_data_base64": null
          },
          "sensitive_attributes": [],
          "private": "bnVsbA==",
          "dependencies": [
            "aws_ami_from_instance.template_ami",
            "aws_instance.template_ec2",
            "aws_security_group.sg",
            "aws_subnet.public_eu_west_1a",
            "aws_vpc.app_vpc"
          ],
          "create_before_destroy": true
        }
      ]
    },
    {
      "mode": "managed",
      "type": "aws_lb",
      "name": "terramino",
      "provider": "provider[\"registry.terraform.io/hashicorp/aws\"]",
      "instances": [
        {
          "schema_version": 0,
          "attributes": {
            "access_logs": [
              {
                "bucket": "",
                "enabled": false,
                "prefix": ""
              }
            ],
            "arn": "arn:aws:elasticloadbalancing:eu-west-1:113304117666:loadbalancer/app/learn-asg-terramino-lb/a1043aa74b525816",
            "arn_suffix": "app/learn-asg-terramino-lb/a1043aa74b525816",
            "customer_owned_ipv4_pool": "",
            "desync_mitigation_mode": "defensive",
            "dns_name": "learn-asg-terramino-lb-180179699.eu-west-1.elb.amazonaws.com",
            "drop_invalid_header_fields": false,
            "enable_cross_zone_load_balancing": true,
            "enable_deletion_protection": false,
            "enable_http2": true,
            "enable_tls_version_and_cipher_suite_headers": false,
            "enable_waf_fail_open": false,
            "enable_xff_client_port": false,
            "id": "arn:aws:elasticloadbalancing:eu-west-1:113304117666:loadbalancer/app/learn-asg-terramino-lb/a1043aa74b525816",
            "idle_timeout": 60,
            "internal": false,
            "ip_address_type": "ipv4",
            "load_balancer_type": "application",
            "name": "learn-asg-terramino-lb",
            "name_prefix": null,
            "preserve_host_header": false,
            "security_groups": [
              "sg-0dfc71d727d6482b3"
            ],
            "subnet_mapping": [
              {
                "allocation_id": "",
                "ipv6_address": "",
                "outpost_id": "",
                "private_ipv4_address": "",
                "subnet_id": "subnet-02787d2e5b507251d"
              },
              {
                "allocation_id": "",
                "ipv6_address": "",
                "outpost_id": "",
                "private_ipv4_address": "",
                "subnet_id": "subnet-041858c5eb6b828e0"
              }
            ],
            "subnets": [
              "subnet-02787d2e5b507251d",
              "subnet-041858c5eb6b828e0"
            ],
            "tags": null,
            "tags_all": {
              "hashicorp-learn": "aws-asg"
            },
            "timeouts": null,
            "vpc_id": "vpc-0582d740e30c7e3da",
            "xff_header_processing_mode": "append",
            "zone_id": "Z32O12XQLNTSW2"
          },
          "sensitive_attributes": [],
          "private": "eyJlMmJmYjczMC1lY2FhLTExZTYtOGY4OC0zNDM2M2JjN2M0YzAiOnsiY3JlYXRlIjo2MDAwMDAwMDAwMDAsImRlbGV0ZSI6NjAwMDAwMDAwMDAwLCJ1cGRhdGUiOjYwMDAwMDAwMDAwMH19",
          "dependencies": [
            "aws_security_group.sg",
            "aws_subnet.public_eu_west_1a",
            "aws_subnet.public_eu_west_1b",
            "aws_vpc.app_vpc"
          ]
        }
      ]
    },
    {
      "mode": "managed",
      "type": "aws_lb_listener",
      "name": "terramino",
      "provider": "provider[\"registry.terraform.io/hashicorp/aws\"]",
      "instances": [
        {
          "schema_version": 0,
          "attributes": {
            "alpn_policy": null,
            "arn": "arn:aws:elasticloadbalancing:eu-west-1:113304117666:listener/app/learn-asg-terramino-lb/a1043aa74b525816/2600f1108f3853d4",
            "certificate_arn": null,
            "default_action": [
              {
                "authenticate_cognito": [],
                "authenticate_oidc": [],
                "fixed_response": [],
                "forward": [],
                "order": 1,
                "redirect": [],
                "target_group_arn": "arn:aws:elasticloadbalancing:eu-west-1:113304117666:targetgroup/learn-asg-terramino/abe14287b094f5e8",
                "type": "forward"
              }
            ],
            "id": "arn:aws:elasticloadbalancing:eu-west-1:113304117666:listener/app/learn-asg-terramino-lb/a1043aa74b525816/2600f1108f3853d4",
            "load_balancer_arn": "arn:aws:elasticloadbalancing:eu-west-1:113304117666:loadbalancer/app/learn-asg-terramino-lb/a1043aa74b525816",
            "port": 80,
            "protocol": "HTTP",
            "ssl_policy": "",
            "tags": null,
            "tags_all": {
              "hashicorp-learn": "aws-asg"
            },
            "timeouts": null
          },
          "sensitive_attributes": [],
          "private": "eyJlMmJmYjczMC1lY2FhLTExZTYtOGY4OC0zNDM2M2JjN2M0YzAiOnsicmVhZCI6NjAwMDAwMDAwMDAwfX0=",
          "dependencies": [
            "aws_lb.terramino",
            "aws_lb_target_group.terramino",
            "aws_security_group.sg",
            "aws_subnet.public_eu_west_1a",
            "aws_subnet.public_eu_west_1b",
            "aws_vpc.app_vpc"
          ]
        }
      ]
    },
    {
      "mode": "managed",
      "type": "aws_lb_target_group",
      "name": "terramino",
      "provider": "provider[\"registry.terraform.io/hashicorp/aws\"]",
      "instances": [
        {
          "schema_version": 0,
          "attributes": {
            "arn": "arn:aws:elasticloadbalancing:eu-west-1:113304117666:targetgroup/learn-asg-terramino/abe14287b094f5e8",
            "arn_suffix": "targetgroup/learn-asg-terramino/abe14287b094f5e8",
            "connection_termination": false,
            "deregistration_delay": "300",
            "health_check": [
              {
                "enabled": true,
                "healthy_threshold": 5,
                "interval": 30,
                "matcher": "200",
                "path": "/",
                "port": "traffic-port",
                "protocol": "HTTP",
                "timeout": 5,
                "unhealthy_threshold": 2
              }
            ],
            "id": "arn:aws:elasticloadbalancing:eu-west-1:113304117666:targetgroup/learn-asg-terramino/abe14287b094f5e8",
            "ip_address_type": "ipv4",
            "lambda_multi_value_headers_enabled": false,
            "load_balancing_algorithm_type": "round_robin",
            "load_balancing_cross_zone_enabled": "use_load_balancer_configuration",
            "name": "learn-asg-terramino",
            "name_prefix": null,
            "port": 80,
            "preserve_client_ip": null,
            "protocol": "HTTP",
            "protocol_version": "HTTP1",
            "proxy_protocol_v2": false,
            "slow_start": 0,
            "stickiness": [
              {
                "cookie_duration": 86400,
                "cookie_name": "",
                "enabled": false,
                "type": "lb_cookie"
              }
            ],
            "tags": null,
            "tags_all": {
              "hashicorp-learn": "aws-asg"
            },
            "target_failover": [
              {
                "on_deregistration": null,
                "on_unhealthy": null
              }
            ],
            "target_type": "instance",
            "vpc_id": "vpc-0582d740e30c7e3da"
          },
          "sensitive_attributes": [],
          "private": "bnVsbA==",
          "dependencies": [
            "aws_vpc.app_vpc"
          ]
        }
      ]
    },
    {
      "mode": "managed",
      "type": "aws_route",
      "name": "internet_connection",
      "provider": "provider[\"registry.terraform.io/hashicorp/aws\"]",
      "instances": [
        {
          "schema_version": 0,
          "attributes": {
            "carrier_gateway_id": "",
            "core_network_arn": "",
            "destination_cidr_block": "0.0.0.0/0",
            "destination_ipv6_cidr_block": "",
            "destination_prefix_list_id": "",
            "egress_only_gateway_id": "",
            "gateway_id": "igw-076a6fcc9b5efe358",
            "id": "r-rtb-094f0719f15a42b8a1080289494",
            "instance_id": "",
            "instance_owner_id": "",
            "local_gateway_id": "",
            "nat_gateway_id": "",
            "network_interface_id": "",
            "origin": "CreateRoute",
            "route_table_id": "rtb-094f0719f15a42b8a",
            "state": "active",
            "timeouts": null,
            "transit_gateway_id": "",
            "vpc_endpoint_id": "",
            "vpc_peering_connection_id": ""
          },
          "sensitive_attributes": [],
          "private": "eyJlMmJmYjczMC1lY2FhLTExZTYtOGY4OC0zNDM2M2JjN2M0YzAiOnsiY3JlYXRlIjozMDAwMDAwMDAwMDAsImRlbGV0ZSI6MzAwMDAwMDAwMDAwLCJ1cGRhdGUiOjEyMDAwMDAwMDAwMH19",
          "dependencies": [
            "aws_internet_gateway.igw",
            "aws_vpc.app_vpc"
          ]
        }
      ]
    },
    {
      "mode": "managed",
      "type": "aws_route_table",
      "name": "public_rt",
      "provider": "provider[\"registry.terraform.io/hashicorp/aws\"]",
      "instances": [
        {
          "schema_version": 0,
          "attributes": {
            "arn": "arn:aws:ec2:eu-west-1:113304117666:route-table/rtb-03a42cca4ac0f83d5",
            "id": "rtb-03a42cca4ac0f83d5",
            "owner_id": "113304117666",
            "propagating_vgws": [],
            "route": [
              {
                "carrier_gateway_id": "",
                "cidr_block": "0.0.0.0/0",
                "core_network_arn": "",
                "destination_prefix_list_id": "",
                "egress_only_gateway_id": "",
                "gateway_id": "igw-076a6fcc9b5efe358",
                "ipv6_cidr_block": "",
                "local_gateway_id": "",
                "nat_gateway_id": "",
                "network_interface_id": "",
                "transit_gateway_id": "",
                "vpc_endpoint_id": "",
                "vpc_peering_connection_id": ""
              }
            ],
            "tags": {
              "Name": "route_table",
              "Owner": "jduchnowski",
              "Project": "2023_internship_gda"
            },
            "tags_all": {
              "Name": "route_table",
              "Owner": "jduchnowski",
              "Project": "2023_internship_gda",
              "hashicorp-learn": "aws-asg"
            },
            "timeouts": null,
            "vpc_id": "vpc-0582d740e30c7e3da"
          },
          "sensitive_attributes": [],
          "private": "eyJlMmJmYjczMC1lY2FhLTExZTYtOGY4OC0zNDM2M2JjN2M0YzAiOnsiY3JlYXRlIjozMDAwMDAwMDAwMDAsImRlbGV0ZSI6MzAwMDAwMDAwMDAwLCJ1cGRhdGUiOjEyMDAwMDAwMDAwMH19",
          "dependencies": [
            "aws_internet_gateway.igw",
            "aws_vpc.app_vpc"
          ]
        }
      ]
    },
    {
      "mode": "managed",
      "type": "aws_route_table_association",
      "name": "public_rt_asso_a",
      "provider": "provider[\"registry.terraform.io/hashicorp/aws\"]",
      "instances": [
        {
          "schema_version": 0,
          "attributes": {
            "gateway_id": "",
            "id": "rtbassoc-032aab55957f4a69f",
            "route_table_id": "rtb-03a42cca4ac0f83d5",
            "subnet_id": "subnet-02787d2e5b507251d",
            "timeouts": null
          },
          "sensitive_attributes": [],
          "private": "eyJlMmJmYjczMC1lY2FhLTExZTYtOGY4OC0zNDM2M2JjN2M0YzAiOnsiY3JlYXRlIjozMDAwMDAwMDAwMDAsImRlbGV0ZSI6MzAwMDAwMDAwMDAwLCJ1cGRhdGUiOjEyMDAwMDAwMDAwMH19",
          "dependencies": [
            "aws_internet_gateway.igw",
            "aws_route_table.public_rt",
            "aws_subnet.public_eu_west_1a",
            "aws_vpc.app_vpc"
          ]
        }
      ]
    },
    {
      "mode": "managed",
      "type": "aws_route_table_association",
      "name": "public_rt_asso_b",
      "provider": "provider[\"registry.terraform.io/hashicorp/aws\"]",
      "instances": [
        {
          "schema_version": 0,
          "attributes": {
            "gateway_id": "",
            "id": "rtbassoc-0a644196d1c4744d3",
            "route_table_id": "rtb-03a42cca4ac0f83d5",
            "subnet_id": "subnet-041858c5eb6b828e0",
            "timeouts": null
          },
          "sensitive_attributes": [],
          "private": "eyJlMmJmYjczMC1lY2FhLTExZTYtOGY4OC0zNDM2M2JjN2M0YzAiOnsiY3JlYXRlIjozMDAwMDAwMDAwMDAsImRlbGV0ZSI6MzAwMDAwMDAwMDAwLCJ1cGRhdGUiOjEyMDAwMDAwMDAwMH19",
          "dependencies": [
            "aws_internet_gateway.igw",
            "aws_route_table.public_rt",
            "aws_subnet.public_eu_west_1b",
            "aws_vpc.app_vpc"
          ]
        }
      ]
    },
    {
      "mode": "managed",
      "type": "aws_security_group",
      "name": "instance_sg",
      "provider": "provider[\"registry.terraform.io/hashicorp/aws\"]",
      "instances": [
        {
          "schema_version": 1,
          "attributes": {
            "arn": "arn:aws:ec2:eu-west-1:113304117666:security-group/sg-04c300633e11c508e",
            "description": "Managed by Terraform",
            "egress": [],
            "id": "sg-04c300633e11c508e",
            "ingress": [],
            "name": "terraform-20230805184746794300000001",
            "name_prefix": "terraform-",
            "owner_id": "113304117666",
            "revoke_rules_on_delete": false,
            "tags": null,
            "tags_all": {
              "hashicorp-learn": "aws-asg"
            },
            "timeouts": null,
            "vpc_id": "vpc-d8c674a1"
          },
          "sensitive_attributes": [],
          "private": "eyJlMmJmYjczMC1lY2FhLTExZTYtOGY4OC0zNDM2M2JjN2M0YzAiOnsiY3JlYXRlIjo2MDAwMDAwMDAwMDAsImRlbGV0ZSI6OTAwMDAwMDAwMDAwfSwic2NoZW1hX3ZlcnNpb24iOiIxIn0="
        }
      ]
    },
    {
      "mode": "managed",
      "type": "aws_security_group",
      "name": "lb_sg",
      "provider": "provider[\"registry.terraform.io/hashicorp/aws\"]",
      "instances": [
        {
          "schema_version": 1,
          "attributes": {
            "arn": "arn:aws:ec2:eu-west-1:113304117666:security-group/sg-0baf65bb50cc929f4",
            "description": "Managed by Terraform",
            "egress": [],
            "id": "sg-0baf65bb50cc929f4",
            "ingress": [],
            "name": "terraform-20230805184746794400000002",
            "name_prefix": "terraform-",
            "owner_id": "113304117666",
            "revoke_rules_on_delete": false,
            "tags": null,
            "tags_all": {
              "hashicorp-learn": "aws-asg"
            },
            "timeouts": null,
            "vpc_id": "vpc-d8c674a1"
          },
          "sensitive_attributes": [],
          "private": "eyJlMmJmYjczMC1lY2FhLTExZTYtOGY4OC0zNDM2M2JjN2M0YzAiOnsiY3JlYXRlIjo2MDAwMDAwMDAwMDAsImRlbGV0ZSI6OTAwMDAwMDAwMDAwfSwic2NoZW1hX3ZlcnNpb24iOiIxIn0="
        }
      ]
    },
    {
      "mode": "managed",
      "type": "aws_security_group",
      "name": "sg",
      "provider": "provider[\"registry.terraform.io/hashicorp/aws\"]",
      "instances": [
        {
          "schema_version": 1,
          "attributes": {
            "arn": "arn:aws:ec2:eu-west-1:113304117666:security-group/sg-0dfc71d727d6482b3",
            "description": "Allow ssh http inbound traffic",
            "egress": [
              {
                "cidr_blocks": [
                  "0.0.0.0/0"
                ],
                "description": "",
                "from_port": 0,
                "ipv6_cidr_blocks": [
                  "::/0"
                ],
                "prefix_list_ids": [],
                "protocol": "-1",
                "security_groups": [],
                "self": false,
                "to_port": 0
              }
            ],
            "id": "sg-0dfc71d727d6482b3",
            "ingress": [
              {
                "cidr_blocks": [
                  "0.0.0.0/0"
                ],
                "description": "HTTP from VPC",
                "from_port": 80,
                "ipv6_cidr_blocks": [
                  "::/0"
                ],
                "prefix_list_ids": [],
                "protocol": "tcp",
                "security_groups": [],
                "self": false,
                "to_port": 80
              },
              {
                "cidr_blocks": [
                  "0.0.0.0/0"
                ],
                "description": "SSH from VPC",
                "from_port": 22,
                "ipv6_cidr_blocks": [
                  "::/0"
                ],
                "prefix_list_ids": [],
                "protocol": "tcp",
                "security_groups": [],
                "self": false,
                "to_port": 22
              },
              {
                "cidr_blocks": [
                  "0.0.0.0/0"
                ],
                "description": "SSH from VPC",
                "from_port": 443,
                "ipv6_cidr_blocks": [
                  "::/0"
                ],
                "prefix_list_ids": [],
                "protocol": "tcp",
                "security_groups": [],
                "self": false,
                "to_port": 443
              }
            ],
            "name": "allow_ssh_http",
            "name_prefix": "",
            "owner_id": "113304117666",
            "revoke_rules_on_delete": false,
            "tags": {
              "Name": "allow_ssh_http"
            },
            "tags_all": {
              "Name": "allow_ssh_http",
              "hashicorp-learn": "aws-asg"
            },
            "timeouts": null,
            "vpc_id": "vpc-0582d740e30c7e3da"
          },
          "sensitive_attributes": [],
          "private": "eyJlMmJmYjczMC1lY2FhLTExZTYtOGY4OC0zNDM2M2JjN2M0YzAiOnsiY3JlYXRlIjo2MDAwMDAwMDAwMDAsImRlbGV0ZSI6OTAwMDAwMDAwMDAwfSwic2NoZW1hX3ZlcnNpb24iOiIxIn0=",
          "dependencies": [
            "aws_vpc.app_vpc"
          ],
          "create_before_destroy": true
        }
      ]
    },
    {
      "mode": "managed",
      "type": "aws_subnet",
      "name": "public_eu_west_1a",
      "provider": "provider[\"registry.terraform.io/hashicorp/aws\"]",
      "instances": [
        {
          "schema_version": 1,
          "attributes": {
            "arn": "arn:aws:ec2:eu-west-1:113304117666:subnet/subnet-02787d2e5b507251d",
            "assign_ipv6_address_on_creation": false,
            "availability_zone": "eu-west-1a",
            "availability_zone_id": "euw1-az2",
            "cidr_block": "10.0.6.0/24",
            "customer_owned_ipv4_pool": "",
            "enable_dns64": false,
            "enable_lni_at_device_index": 0,
            "enable_resource_name_dns_a_record_on_launch": false,
            "enable_resource_name_dns_aaaa_record_on_launch": false,
            "id": "subnet-02787d2e5b507251d",
            "ipv6_cidr_block": "",
            "ipv6_cidr_block_association_id": "",
            "ipv6_native": false,
            "map_customer_owned_ip_on_launch": false,
            "map_public_ip_on_launch": true,
            "outpost_arn": "",
            "owner_id": "113304117666",
            "private_dns_hostname_type_on_launch": "ip-name",
            "tags": {
              "Name": "subnet",
              "Owner": "jduchnowski",
              "Project": "2023_internship_gda"
            },
            "tags_all": {
              "Name": "subnet",
              "Owner": "jduchnowski",
              "Project": "2023_internship_gda",
              "hashicorp-learn": "aws-asg"
            },
            "timeouts": null,
            "vpc_id": "vpc-0582d740e30c7e3da"
          },
          "sensitive_attributes": [],
          "private": "eyJlMmJmYjczMC1lY2FhLTExZTYtOGY4OC0zNDM2M2JjN2M0YzAiOnsiY3JlYXRlIjo2MDAwMDAwMDAwMDAsImRlbGV0ZSI6MTIwMDAwMDAwMDAwMH0sInNjaGVtYV92ZXJzaW9uIjoiMSJ9",
          "dependencies": [
            "aws_vpc.app_vpc"
          ],
          "create_before_destroy": true
        }
      ]
    },
    {
      "mode": "managed",
      "type": "aws_subnet",
      "name": "public_eu_west_1b",
      "provider": "provider[\"registry.terraform.io/hashicorp/aws\"]",
      "instances": [
        {
          "schema_version": 1,
          "attributes": {
            "arn": "arn:aws:ec2:eu-west-1:113304117666:subnet/subnet-041858c5eb6b828e0",
            "assign_ipv6_address_on_creation": false,
            "availability_zone": "eu-west-1b",
            "availability_zone_id": "euw1-az3",
            "cidr_block": "10.0.96.0/24",
            "customer_owned_ipv4_pool": "",
            "enable_dns64": false,
            "enable_lni_at_device_index": 0,
            "enable_resource_name_dns_a_record_on_launch": false,
            "enable_resource_name_dns_aaaa_record_on_launch": false,
            "id": "subnet-041858c5eb6b828e0",
            "ipv6_cidr_block": "",
            "ipv6_cidr_block_association_id": "",
            "ipv6_native": false,
            "map_customer_owned_ip_on_launch": false,
            "map_public_ip_on_launch": true,
            "outpost_arn": "",
            "owner_id": "113304117666",
            "private_dns_hostname_type_on_launch": "ip-name",
            "tags": {
              "Name": "subnet",
              "Owner": "jduchnowski",
              "Project": "2023_internship_gda"
            },
            "tags_all": {
              "Name": "subnet",
              "Owner": "jduchnowski",
              "Project": "2023_internship_gda",
              "hashicorp-learn": "aws-asg"
            },
            "timeouts": null,
            "vpc_id": "vpc-0582d740e30c7e3da"
          },
          "sensitive_attributes": [],
          "private": "eyJlMmJmYjczMC1lY2FhLTExZTYtOGY4OC0zNDM2M2JjN2M0YzAiOnsiY3JlYXRlIjo2MDAwMDAwMDAwMDAsImRlbGV0ZSI6MTIwMDAwMDAwMDAwMH0sInNjaGVtYV92ZXJzaW9uIjoiMSJ9",
          "dependencies": [
            "aws_vpc.app_vpc"
          ]
        }
      ]
    },
    {
      "mode": "managed",
      "type": "aws_vpc",
      "name": "app_vpc",
      "provider": "provider[\"registry.terraform.io/hashicorp/aws\"]",
      "instances": [
        {
          "schema_version": 1,
          "attributes": {
            "arn": "arn:aws:ec2:eu-west-1:113304117666:vpc/vpc-0582d740e30c7e3da",
            "assign_generated_ipv6_cidr_block": false,
            "cidr_block": "10.0.0.0/16",
            "default_network_acl_id": "acl-0b9385b657f5630ff",
            "default_route_table_id": "rtb-094f0719f15a42b8a",
            "default_security_group_id": "sg-0aa527ae60671d444",
            "dhcp_options_id": "dopt-a91df0d0",
            "enable_dns_hostnames": false,
            "enable_dns_support": true,
            "enable_network_address_usage_metrics": false,
            "id": "vpc-0582d740e30c7e3da",
            "instance_tenancy": "default",
            "ipv4_ipam_pool_id": null,
            "ipv4_netmask_length": null,
            "ipv6_association_id": "",
            "ipv6_cidr_block": "",
            "ipv6_cidr_block_network_border_group": "",
            "ipv6_ipam_pool_id": "",
            "ipv6_netmask_length": 0,
            "main_route_table_id": "rtb-094f0719f15a42b8a",
            "owner_id": "113304117666",
            "tags": {
              "Name": "vpc",
              "Owner": "jduchnowski",
              "Project": "2023_internship_gda"
            },
            "tags_all": {
              "Name": "vpc",
              "Owner": "jduchnowski",
              "Project": "2023_internship_gda",
              "hashicorp-learn": "aws-asg"
            }
          },
          "sensitive_attributes": [],
          "private": "eyJzY2hlbWFfdmVyc2lvbiI6IjEifQ==",
          "create_before_destroy": true
        }
      ]
    }
  ],
  "check_results": null
}
